PODS:
  - XDHelper (0.1.0):
    - XDHelper/XDNameSpace (= 0.1.0)
  - XDHelper/XDNameSpace (0.1.0)

DEPENDENCIES:
  - XDHelper (from `../`)

EXTERNAL SOURCES:
  XDHelper:
    :path: "../"

SPEC CHECKSUMS:
  XDHelper: 9e3678b51335b31d51b5c222ddc1d891ba066c0b

PODFILE CHECKSUM: 20004a09d361d14adcecf8996a2c8bd25d81590e

COCOAPODS: 1.9.1
